// !$*UTF8*$!
{
	archiveVersion = 1;
	classes = {
	};
	objectVersion = 56;
	objects = {

/* Begin PBXBuildFile section */
		D927B3242AB924F6008B22F4 /* Photo.swift in Sources */ = {isa = PBXBuildFile; fileRef = D927B3232AB924F6008B22F4 /* Photo.swift */; };
		D93B5A672AB8024B00048DED /* AppDelegate.swift in Sources */ = {isa = PBXBuildFile; fileRef = D93B5A662AB8024B00048DED /* AppDelegate.swift */; };
		D93B5A692AB8024B00048DED /* SceneDelegate.swift in Sources */ = {isa = PBXBuildFile; fileRef = D93B5A682AB8024B00048DED /* SceneDelegate.swift */; };
		D93B5A6B2AB8024B00048DED /* CollectionViewController.swift in Sources */ = {isa = PBXBuildFile; fileRef = D93B5A6A2AB8024B00048DED /* CollectionViewController.swift */; };
		D93B5A6E2AB8024B00048DED /* Main.storyboard in Resources */ = {isa = PBXBuildFile; fileRef = D93B5A6C2AB8024B00048DED /* Main.storyboard */; };
		D93B5A702AB8024C00048DED /* Assets.xcassets in Resources */ = {isa = PBXBuildFile; fileRef = D93B5A6F2AB8024C00048DED /* Assets.xcassets */; };
		D93B5A732AB8024C00048DED /* LaunchScreen.storyboard in Resources */ = {isa = PBXBuildFile; fileRef = D93B5A712AB8024C00048DED /* LaunchScreen.storyboard */; };
		D993C67C2ACFB41D002D2008 /* PhotoCollectionViewController.swift in Sources */ = {isa = PBXBuildFile; fileRef = D993C67B2ACFB41D002D2008 /* PhotoCollectionViewController.swift */; };
		D9D1E2932ABD47B70061417C /* CameraCollectionViewCell.swift in Sources */ = {isa = PBXBuildFile; fileRef = D9D1E2922ABD47B70061417C /* CameraCollectionViewCell.swift */; };
		D9EEA0502ABAA753000E0661 /* NetworkManager.swift in Sources */ = {isa = PBXBuildFile; fileRef = D9EEA04F2ABAA753000E0661 /* NetworkManager.swift */; };
/* End PBXBuildFile section */

/* Begin PBXFileReference section */
		D927B3232AB924F6008B22F4 /* Photo.swift */ = {isa = PBXFileReference; lastKnownFileType = sourcecode.swift; path = Photo.swift; sourceTree = "<group>"; };
		D93B5A632AB8024B00048DED /* CuriosityPhotoApp.app */ = {isa = PBXFileReference; explicitFileType = wrapper.application; includeInIndex = 0; path = CuriosityPhotoApp.app; sourceTree = BUILT_PRODUCTS_DIR; };
		D93B5A662AB8024B00048DED /* AppDelegate.swift */ = {isa = PBXFileReference; lastKnownFileType = sourcecode.swift; path = AppDelegate.swift; sourceTree = "<group>"; };
		D93B5A682AB8024B00048DED /* SceneDelegate.swift */ = {isa = PBXFileReference; lastKnownFileType = sourcecode.swift; path = SceneDelegate.swift; sourceTree = "<group>"; };
		D93B5A6A2AB8024B00048DED /* CollectionViewController.swift */ = {isa = PBXFileReference; lastKnownFileType = sourcecode.swift; path = CollectionViewController.swift; sourceTree = "<group>"; };
		D93B5A6D2AB8024B00048DED /* Base */ = {isa = PBXFileReference; lastKnownFileType = file.storyboard; name = Base; path = Base.lproj/Main.storyboard; sourceTree = "<group>"; };
		D93B5A6F2AB8024C00048DED /* Assets.xcassets */ = {isa = PBXFileReference; lastKnownFileType = folder.assetcatalog; path = Assets.xcassets; sourceTree = "<group>"; };
		D93B5A722AB8024C00048DED /* Base */ = {isa = PBXFileReference; lastKnownFileType = file.storyboard; name = Base; path = Base.lproj/LaunchScreen.storyboard; sourceTree = "<group>"; };
		D93B5A742AB8024C00048DED /* Info.plist */ = {isa = PBXFileReference; lastKnownFileType = text.plist.xml; path = Info.plist; sourceTree = "<group>"; };
		D993C67B2ACFB41D002D2008 /* PhotoCollectionViewController.swift */ = {isa = PBXFileReference; lastKnownFileType = sourcecode.swift; path = PhotoCollectionViewController.swift; sourceTree = "<group>"; };
		D9D1E2922ABD47B70061417C /* CameraCollectionViewCell.swift */ = {isa = PBXFileReference; lastKnownFileType = sourcecode.swift; path = CameraCollectionViewCell.swift; sourceTree = "<group>"; };
		D9EEA04F2ABAA753000E0661 /* NetworkManager.swift */ = {isa = PBXFileReference; lastKnownFileType = sourcecode.swift; path = NetworkManager.swift; sourceTree = "<group>"; };
/* End PBXFileReference section */

/* Begin PBXFrameworksBuildPhase section */
		D93B5A602AB8024B00048DED /* Frameworks */ = {
			isa = PBXFrameworksBuildPhase;
			buildActionMask = 2147483647;
			files = (
			);
			runOnlyForDeploymentPostprocessing = 0;
		};
/* End PBXFrameworksBuildPhase section */

/* Begin PBXGroup section */
		D927B3252AB924FA008B22F4 /* Models */ = {
			isa = PBXGroup;
			children = (
				D927B3232AB924F6008B22F4 /* Photo.swift */,
			);
			path = Models;
			sourceTree = "<group>";
		};
		D93B5A5A2AB8024B00048DED = {
			isa = PBXGroup;
			children = (
				D93B5A652AB8024B00048DED /* CuriosityPhotoApp */,
				D93B5A642AB8024B00048DED /* Products */,
			);
			sourceTree = "<group>";
		};
		D93B5A642AB8024B00048DED /* Products */ = {
			isa = PBXGroup;
			children = (
				D93B5A632AB8024B00048DED /* CuriosityPhotoApp.app */,
			);
			name = Products;
			sourceTree = "<group>";
		};
		D93B5A652AB8024B00048DED /* CuriosityPhotoApp */ = {
			isa = PBXGroup;
			children = (
				D9EEA0512ABAAF8F000E0661 /* NetworkManager */,
				D93B5A7A2AB8029000048DED /* App */,
				D93B5A7B2AB8029600048DED /* ViewControllers */,
				D93B5A7C2AB8029E00048DED /* Storyboards */,
				D93B5A7D2AB802B900048DED /* Resources */,
				D927B3252AB924FA008B22F4 /* Models */,
			);
			path = CuriosityPhotoApp;
			sourceTree = "<group>";
		};
		D93B5A7A2AB8029000048DED /* App */ = {
			isa = PBXGroup;
			children = (
				D93B5A662AB8024B00048DED /* AppDelegate.swift */,
				D93B5A682AB8024B00048DED /* SceneDelegate.swift */,
				D93B5A742AB8024C00048DED /* Info.plist */,
			);
			path = App;
			sourceTree = "<group>";
		};
		D93B5A7B2AB8029600048DED /* ViewControllers */ = {
			isa = PBXGroup;
			children = (
				D93B5A6A2AB8024B00048DED /* CollectionViewController.swift */,
				D9D1E2922ABD47B70061417C /* CameraCollectionViewCell.swift */,
				D993C67B2ACFB41D002D2008 /* PhotoCollectionViewController.swift */,
			);
			path = ViewControllers;
			sourceTree = "<group>";
		};
		D93B5A7C2AB8029E00048DED /* Storyboards */ = {
			isa = PBXGroup;
			children = (
				D93B5A6C2AB8024B00048DED /* Main.storyboard */,
				D93B5A712AB8024C00048DED /* LaunchScreen.storyboard */,
			);
			path = Storyboards;
			sourceTree = "<group>";
		};
		D93B5A7D2AB802B900048DED /* Resources */ = {
			isa = PBXGroup;
			children = (
				D93B5A6F2AB8024C00048DED /* Assets.xcassets */,
			);
			path = Resources;
			sourceTree = "<group>";
		};
		D9EEA0512ABAAF8F000E0661 /* NetworkManager */ = {
			isa = PBXGroup;
			children = (
				D9EEA04F2ABAA753000E0661 /* NetworkManager.swift */,
			);
			path = NetworkManager;
			sourceTree = "<group>";
		};
/* End PBXGroup section */

/* Begin PBXNativeTarget section */
		D93B5A622AB8024B00048DED /* CuriosityPhotoApp */ = {
			isa = PBXNativeTarget;
			buildConfigurationList = D93B5A772AB8024C00048DED /* Build configuration list for PBXNativeTarget "CuriosityPhotoApp" */;
			buildPhases = (
				D93B5A5F2AB8024B00048DED /* Sources */,
				D93B5A602AB8024B00048DED /* Frameworks */,
				D93B5A612AB8024B00048DED /* Resources */,
			);
			buildRules = (
			);
			dependencies = (
			);
			name = CuriosityPhotoApp;
			productName = CuriosityPhotoApp;
			productReference = D93B5A632AB8024B00048DED /* CuriosityPhotoApp.app */;
			productType = "com.apple.product-type.application";
		};
/* End PBXNativeTarget section */

/* Begin PBXProject section */
		D93B5A5B2AB8024B00048DED /* Project object */ = {
			isa = PBXProject;
			attributes = {
				BuildIndependentTargetsInParallel = 1;
				LastSwiftUpdateCheck = 1430;
				LastUpgradeCheck = 1500;
				TargetAttributes = {
					D93B5A622AB8024B00048DED = {
						CreatedOnToolsVersion = 14.3.1;
					};
				};
			};
			buildConfigurationList = D93B5A5E2AB8024B00048DED /* Build configuration list for PBXProject "CuriosityPhotoApp" */;
			compatibilityVersion = "Xcode 14.0";
			developmentRegion = en;
			hasScannedForEncodings = 0;
			knownRegions = (
				en,
				Base,
			);
			mainGroup = D93B5A5A2AB8024B00048DED;
			productRefGroup = D93B5A642AB8024B00048DED /* Products */;
			projectDirPath = "";
			projectRoot = "";
			targets = (
				D93B5A622AB8024B00048DED /* CuriosityPhotoApp */,
			);
		};
/* End PBXProject section */

/* Begin PBXResourcesBuildPhase section */
		D93B5A612AB8024B00048DED /* Resources */ = {
			isa = PBXResourcesBuildPhase;
			buildActionMask = 2147483647;
			files = (
				D93B5A732AB8024C00048DED /* LaunchScreen.storyboard in Resources */,
				D93B5A702AB8024C00048DED /* Assets.xcassets in Resources */,
				D93B5A6E2AB8024B00048DED /* Main.storyboard in Resources */,
			);
			runOnlyForDeploymentPostprocessing = 0;
		};
/* End PBXResourcesBuildPhase section */

/* Begin PBXSourcesBuildPhase section */
		D93B5A5F2AB8024B00048DED /* Sources */ = {
			isa = PBXSourcesBuildPhase;
			buildActionMask = 2147483647;
			files = (
				D927B3242AB924F6008B22F4 /* Photo.swift in Sources */,
				D93B5A6B2AB8024B00048DED /* CollectionViewController.swift in Sources */,
				D993C67C2ACFB41D002D2008 /* PhotoCollectionViewController.swift in Sources */,
				D9EEA0502ABAA753000E0661 /* NetworkManager.swift in Sources */,
				D93B5A672AB8024B00048DED /* AppDelegate.swift in Sources */,
				D93B5A692AB8024B00048DED /* SceneDelegate.swift in Sources */,
				D9D1E2932ABD47B70061417C /* CameraCollectionViewCell.swift in Sources */,
			);
			runOnlyForDeploymentPostprocessing = 0;
		};
/* End PBXSourcesBuildPhase section */

/* Begin PBXVariantGroup section */
		D93B5A6C2AB8024B00048DED /* Main.storyboard */ = {
			isa = PBXVariantGroup;
			children = (
				D93B5A6D2AB8024B00048DED /* Base */,
			);
			name = Main.storyboard;
			sourceTree = "<group>";
		};
		D93B5A712AB8024C00048DED /* LaunchScreen.storyboard */ = {
			isa = PBXVariantGroup;
			children = (
				D93B5A722AB8024C00048DED /* Base */,
			);
			name = LaunchScreen.storyboard;
			sourceTree = "<group>";
		};
/* End PBXVariantGroup section */

/* Begin XCBuildConfiguration section */
		D93B5A752AB8024C00048DED /* Debug */ = {
			isa = XCBuildConfiguration;
			buildSettings = {
				ALWAYS_SEARCH_USER_PATHS = NO;
				CLANG_ANALYZER_NONNULL = YES;
				CLANG_ANALYZER_NUMBER_OBJECT_CONVERSION = YES_AGGRESSIVE;
				CLANG_CXX_LANGUAGE_STANDARD = "gnu++20";
				CLANG_ENABLE_MODULES = YES;
				CLANG_ENABLE_OBJC_ARC = YES;
				CLANG_ENABLE_OBJC_WEAK = YES;
				CLANG_WARN_BLOCK_CAPTURE_AUTORELEASING = YES;
				CLANG_WARN_BOOL_CONVERSION = YES;
				CLANG_WARN_COMMA = YES;
				CLANG_WARN_CONSTANT_CONVERSION = YES;
				CLANG_WARN_DEPRECATED_OBJC_IMPLEMENTATIONS = YES;
				CLANG_WARN_DIRECT_OBJC_ISA_USAGE = YES_ERROR;
				CLANG_WARN_DOCUMENTATION_COMMENTS = YES;
				CLANG_WARN_EMPTY_BODY = YES;
				CLANG_WARN_ENUM_CONVERSION = YES;
				CLANG_WARN_INFINITE_RECURSION = YES;
				CLANG_WARN_INT_CONVERSION = YES;
				CLANG_WARN_NON_LITERAL_NULL_CONVERSION = YES;
				CLANG_WARN_OBJC_IMPLICIT_RETAIN_SELF = YES;
				CLANG_WARN_OBJC_LITERAL_CONVERSION = YES;
				CLANG_WARN_OBJC_ROOT_CLASS = YES_ERROR;
				CLANG_WARN_QUOTED_INCLUDE_IN_FRAMEWORK_HEADER = YES;
				CLANG_WARN_RANGE_LOOP_ANALYSIS = YES;
				CLANG_WARN_STRICT_PROTOTYPES = YES;
				CLANG_WARN_SUSPICIOUS_MOVE = YES;
				CLANG_WARN_UNGUARDED_AVAILABILITY = YES_AGGRESSIVE;
				CLANG_WARN_UNREACHABLE_CODE = YES;
				CLANG_WARN__DUPLICATE_METHOD_MATCH = YES;
				COPY_PHASE_STRIP = NO;
				DEBUG_INFORMATION_FORMAT = dwarf;
				ENABLE_STRICT_OBJC_MSGSEND = YES;
				ENABLE_TESTABILITY = YES;
				ENABLE_USER_SCRIPT_SANDBOXING = YES;
				GCC_C_LANGUAGE_STANDARD = gnu11;
				GCC_DYNAMIC_NO_PIC = NO;
				GCC_NO_COMMON_BLOCKS = YES;
				GCC_OPTIMIZATION_LEVEL = 0;
				GCC_PREPROCESSOR_DEFINITIONS = (
					"DEBUG=1",
					"$(inherited)",
				);
				GCC_WARN_64_TO_32_BIT_CONVERSION = YES;
				GCC_WARN_ABOUT_RETURN_TYPE = YES_ERROR;
				GCC_WARN_UNDECLARED_SELECTOR = YES;
				GCC_WARN_UNINITIALIZED_AUTOS = YES_AGGRESSIVE;
				GCC_WARN_UNUSED_FUNCTION = YES;
				GCC_WARN_UNUSED_VARIABLE = YES;
				IPHONEOS_DEPLOYMENT_TARGET = 16.4;
				MTL_ENABLE_DEBUG_INFO = INCLUDE_SOURCE;
				MTL_FAST_MATH = YES;
				ONLY_ACTIVE_ARCH = YES;
				SDKROOT = iphoneos;
				SWIFT_ACTIVE_COMPILATION_CONDITIONS = DEBUG;
				SWIFT_OPTIMIZATION_LEVEL = "-Onone";
			};
			name = Debug;
		};
		D93B5A762AB8024C00048DED /* Release */ = {
			isa = XCBuildConfiguration;
			buildSettings = {
				ALWAYS_SEARCH_USER_PATHS = NO;
				CLANG_ANALYZER_NONNULL = YES;
				CLANG_ANALYZER_NUMBER_OBJECT_CONVERSION = YES_AGGRESSIVE;
				CLANG_CXX_LANGUAGE_STANDARD = "gnu++20";
				CLANG_ENABLE_MODULES = YES;
				CLANG_ENABLE_OBJC_ARC = YES;
				CLANG_ENABLE_OBJC_WEAK = YES;
				CLANG_WARN_BLOCK_CAPTURE_AUTORELEASING = YES;
				CLANG_WARN_BOOL_CONVERSION = YES;
				CLANG_WARN_COMMA = YES;
				CLANG_WARN_CONSTANT_CONVERSION = YES;
				CLANG_WARN_DEPRECATED_OBJC_IMPLEMENTATIONS = YES;
				CLANG_WARN_DIRECT_OBJC_ISA_USAGE = YES_ERROR;
				CLANG_WARN_DOCUMENTATION_COMMENTS = YES;
				CLANG_WARN_EMPTY_BODY = YES;
				CLANG_WARN_ENUM_CONVERSION = YES;
				CLANG_WARN_INFINITE_RECURSION = YES;
				CLANG_WARN_INT_CONVERSION = YES;
				CLANG_WARN_NON_LITERAL_NULL_CONVERSION = YES;
				CLANG_WARN_OBJC_IMPLICIT_RETAIN_SELF = YES;
				CLANG_WARN_OBJC_LITERAL_CONVERSION = YES;
				CLANG_WARN_OBJC_ROOT_CLASS = YES_ERROR;
				CLANG_WARN_QUOTED_INCLUDE_IN_FRAMEWORK_HEADER = YES;
				CLANG_WARN_RANGE_LOOP_ANALYSIS = YES;
				CLANG_WARN_STRICT_PROTOTYPES = YES;
				CLANG_WARN_SUSPICIOUS_MOVE = YES;
				CLANG_WARN_UNGUARDED_AVAILABILITY = YES_AGGRESSIVE;
				CLANG_WARN_UNREACHABLE_CODE = YES;
				CLANG_WARN__DUPLICATE_METHOD_MATCH = YES;
				COPY_PHASE_STRIP = NO;
				DEBUG_INFORMATION_FORMAT = "dwarf-with-dsym";
				ENABLE_NS_ASSERTIONS = NO;
				ENABLE_STRICT_OBJC_MSGSEND = YES;
				ENABLE_USER_SCRIPT_SANDBOXING = YES;
				GCC_C_LANGUAGE_STANDARD = gnu11;
				GCC_NO_COMMON_BLOCKS = YES;
				GCC_WARN_64_TO_32_BIT_CONVERSION = YES;
				GCC_WARN_ABOUT_RETURN_TYPE = YES_ERROR;
				GCC_WARN_UNDECLARED_SELECTOR = YES;
				GCC_WARN_UNINITIALIZED_AUTOS = YES_AGGRESSIVE;
				GCC_WARN_UNUSED_FUNCTION = YES;
				GCC_WARN_UNUSED_VARIABLE = YES;
				IPHONEOS_DEPLOYMENT_TARGET = 16.4;
				MTL_ENABLE_DEBUG_INFO = NO;
				MTL_FAST_MATH = YES;
				SDKROOT = iphoneos;
				SWIFT_COMPILATION_MODE = wholemodule;
				SWIFT_OPTIMIZATION_LEVEL = "-O";
				VALIDATE_PRODUCT = YES;
			};
			name = Release;
		};
		D93B5A782AB8024C00048DED /* Debug */ = {
			isa = XCBuildConfiguration;
			buildSettings = {
				ASSETCATALOG_COMPILER_APPICON_NAME = AppIcon;
				ASSETCATALOG_COMPILER_GLOBAL_ACCENT_COLOR_NAME = AccentColor;
				CODE_SIGN_STYLE = Automatic;
				CURRENT_PROJECT_VERSION = 1;
				DEVELOPMENT_TEAM = NTDP5U69GA;
				GENERATE_INFOPLIST_FILE = YES;
				INFOPLIST_FILE = CuriosityPhotoApp/App/Info.plist;
				INFOPLIST_KEY_UIApplicationSupportsIndirectInputEvents = YES;
				INFOPLIST_KEY_UILaunchStoryboardName = LaunchScreen;
				INFOPLIST_KEY_UIMainStoryboardFile = Main;
				INFOPLIST_KEY_UISupportedInterfaceOrientations = UIInterfaceOrientationPortrait;
				INFOPLIST_KEY_UISupportedInterfaceOrientations_iPad = "UIInterfaceOrientationLandscapeLeft UIInterfaceOrientationLandscapeRight UIInterfaceOrientationPortrait UIInterfaceOrientationPortraitUpsideDown";
				LD_RUNPATH_SEARCH_PATHS = (
					"$(inherited)",
					"@executable_path/Frameworks",
				);
				MARKETING_VERSION = 1.0;
				PRODUCT_BUNDLE_IDENTIFIER = ru.swiftbook.CuriosityPhotoApp;
				PRODUCT_NAME = "$(TARGET_NAME)";
				SUPPORTED_PLATFORMS = "iphoneos iphonesimulator";
				SUPPORTS_MACCATALYST = NO;
				SUPPORTS_MAC_DESIGNED_FOR_IPHONE_IPAD = NO;
				SWIFT_EMIT_LOC_STRINGS = YES;
				SWIFT_VERSION = 5.0;
				TARGETED_DEVICE_FAMILY = 1;
			};
			name = Debug;
		};
		D93B5A792AB8024C00048DED /* Release */ = {
			isa = XCBuildConfiguration;
			buildSettings = {
				ASSETCATALOG_COMPILER_APPICON_NAME = AppIcon;
				ASSETCATALOG_COMPILER_GLOBAL_ACCENT_COLOR_NAME = AccentColor;
				CODE_SIGN_STYLE = Automatic;
				CURRENT_PROJECT_VERSION = 1;
				DEVELOPMENT_TEAM = NTDP5U69GA;
				GENERATE_INFOPLIST_FILE = YES;
				INFOPLIST_FILE = CuriosityPhotoApp/App/Info.plist;
				INFOPLIST_KEY_UIApplicationSupportsIndirectInputEvents = YES;
				INFOPLIST_KEY_UILaunchStoryboardName = LaunchScreen;
				INFOPLIST_KEY_UIMainStoryboardFile = Main;
				INFOPLIST_KEY_UISupportedInterfaceOrientations = UIInterfaceOrientationPortrait;
				INFOPLIST_KEY_UISupportedInterfaceOrientations_iPad = "UIInterfaceOrientationLandscapeLeft UIInterfaceOrientationLandscapeRight UIInterfaceOrientationPortrait UIInterfaceOrientationPortraitUpsideDown";
				LD_RUNPATH_SEARCH_PATHS = (
					"$(inherited)",
					"@executable_path/Frameworks",
				);
				MARKETING_VERSION = 1.0;
				PRODUCT_BUNDLE_IDENTIFIER = ru.swiftbook.CuriosityPhotoApp;
				PRODUCT_NAME = "$(TARGET_NAME)";
				SUPPORTED_PLATFORMS = "iphoneos iphonesimulator";
				SUPPORTS_MACCATALYST = NO;
				SUPPORTS_MAC_DESIGNED_FOR_IPHONE_IPAD = NO;
				SWIFT_EMIT_LOC_STRINGS = YES;
				SWIFT_VERSION = 5.0;
				TARGETED_DEVICE_FAMILY = 1;
			};
			name = Release;
		};
/* End XCBuildConfiguration section */

/* Begin XCConfigurationList section */
		D93B5A5E2AB8024B00048DED /* Build configuration list for PBXProject "CuriosityPhotoApp" */ = {
			isa = XCConfigurationList;
			buildConfigurations = (
				D93B5A752AB8024C00048DED /* Debug */,
				D93B5A762AB8024C00048DED /* Release */,
			);
			defaultConfigurationIsVisible = 0;
			defaultConfigurationName = Release;
		};
		D93B5A772AB8024C00048DED /* Build configuration list for PBXNativeTarget "CuriosityPhotoApp" */ = {
			isa = XCConfigurationList;
			buildConfigurations = (
				D93B5A782AB8024C00048DED /* Debug */,
				D93B5A792AB8024C00048DED /* Release */,
			);
			defaultConfigurationIsVisible = 0;
			defaultConfigurationName = Release;
		};
/* End XCConfigurationList section */
	};
	rootObject = D93B5A5B2AB8024B00048DED /* Project object */;
}
